
Microsoft Visual Studio Solution File, Format Version 12.00
# Visual Studio Version 16
VisualStudioVersion = 16.0.30523.141
MinimumVisualStudioVersion = 10.0.40219.1
Project("{FAE04EC0-301F-11D3-BF4B-00C04F79EFBC}") = "Entities", "Entities\Entities.csproj", "{02B8F09E-827C-49A1-827F-E87565BBFF79}"
EndProject
Global
	GlobalSection(SolutionConfigurationPlatforms) = preSolution
		Debug|Any CPU = Debug|Any CPU
		Release|Any CPU = Release|Any CPU
	EndGlobalSection
	GlobalSection(ProjectConfigurationPlatforms) = postSolution
		{02B8F09E-827C-49A1-827F-E87565BBFF79}.Debug|Any CPU.ActiveCfg = Debug|Any CPU
		{02B8F09E-827C-49A1-827F-E87565BBFF79}.Debug|Any CPU.Build.0 = Debug|Any CPU
		{02B8F09E-827C-49A1-827F-E87565BBFF79}.Release|Any CPU.ActiveCfg = Release|Any CPU
		{02B8F09E-827C-49A1-827F-E87565BBFF79}.Release|Any CPU.Build.0 = Release|Any CPU
	EndGlobalSection
	GlobalSection(SolutionProperties) = preSolution
		HideSolutionNode = FALSE
	EndGlobalSection
	GlobalSection(ExtensibilityGlobals) = postSolution
		SolutionGuid = {F2574097-9A42-4589-B3C1-A47CF3CF84ED}
	EndGlobalSection
EndGlobal
